{
  "name": "hackarena-frontend-library",
  "version": "1.0.0",
  "lockfileVersion": 3,
  "requires": true,
  "packages": {
    "": {
      "name": "hackarena-frontend-library",
      "version": "1.0.0",
      "license": "MIT",
      "dependencies": {
        "hackarena-frontend-library": "file:"
      }
    },
    "node_modules/hackarena-frontend-library": {
      "resolved": "",
      "link": true
    }
  }
}
